
Microsoft Visual Studio Solution File, Format Version 12.00
# Visual Studio Version 17
VisualStudioVersion = 17.5.33530.505
MinimumVisualStudioVersion = 10.0.40219.1
Project("{9A19103F-16F7-4668-BE54-9A1E7A4F7556}") = "foodie_api", "foodie_api.csproj", "{7F3B6D25-63E5-407B-8925-F560AD344EFF}"
EndProject
Global
	GlobalSection(SolutionConfigurationPlatforms) = preSolution
		Debug|Any CPU = Debug|Any CPU
		Release|Any CPU = Release|Any CPU
	EndGlobalSection
	GlobalSection(ProjectConfigurationPlatforms) = postSolution
		{7F3B6D25-63E5-407B-8925-F560AD344EFF}.Debug|Any CPU.ActiveCfg = Debug|Any CPU
		{7F3B6D25-63E5-407B-8925-F560AD344EFF}.Debug|Any CPU.Build.0 = Debug|Any CPU
		{7F3B6D25-63E5-407B-8925-F560AD344EFF}.Release|Any CPU.ActiveCfg = Release|Any CPU
		{7F3B6D25-63E5-407B-8925-F560AD344EFF}.Release|Any CPU.Build.0 = Release|Any CPU
	EndGlobalSection
	GlobalSection(SolutionProperties) = preSolution
		HideSolutionNode = FALSE
	EndGlobalSection
	GlobalSection(ExtensibilityGlobals) = postSolution
		SolutionGuid = {A82D1541-4163-46E6-9EB1-F8DA0AC06EBB}
	EndGlobalSection
EndGlobal
